
Microsoft Visual Studio Solution File, Format Version 12.00
Project("{FAE04EC0-301F-11D3-BF4B-00C04F79EFBC}") = "Schach", "Schach.csproj", "{121F6C97-A64C-48A4-A4FB-36AE388E75C9}"
EndProject
Global
	GlobalSection(SolutionConfigurationPlatforms) = preSolution
		Debug|Any CPU = Debug|Any CPU
		Release|Any CPU = Release|Any CPU
	EndGlobalSection
	GlobalSection(ProjectConfigurationPlatforms) = postSolution
		{121F6C97-A64C-48A4-A4FB-36AE388E75C9}.Debug|Any CPU.ActiveCfg = Debug|Any CPU
		{121F6C97-A64C-48A4-A4FB-36AE388E75C9}.Debug|Any CPU.Build.0 = Debug|Any CPU
		{121F6C97-A64C-48A4-A4FB-36AE388E75C9}.Release|Any CPU.ActiveCfg = Release|Any CPU
		{121F6C97-A64C-48A4-A4FB-36AE388E75C9}.Release|Any CPU.Build.0 = Release|Any CPU
	EndGlobalSection
EndGlobal
